
Microsoft Visual Studio Solution File, Format Version 12.00
# Visual Studio 15
VisualStudioVersion = 15.0.28010.2003
MinimumVisualStudioVersion = 10.0.40219.1
Project("{FAE04EC0-301F-11D3-BF4B-00C04F79EFBC}") = "LoLMatchHistory", "LoLMatchHistory\LoLMatchHistory.csproj", "{D2389067-96F9-4CD9-906C-F86A354553C7}"
EndProject
Global
	GlobalSection(SolutionConfigurationPlatforms) = preSolution
		Debug|Any CPU = Debug|Any CPU
		Release|Any CPU = Release|Any CPU
	EndGlobalSection
	GlobalSection(ProjectConfigurationPlatforms) = postSolution
		{D2389067-96F9-4CD9-906C-F86A354553C7}.Debug|Any CPU.ActiveCfg = Debug|Any CPU
		{D2389067-96F9-4CD9-906C-F86A354553C7}.Debug|Any CPU.Build.0 = Debug|Any CPU
		{D2389067-96F9-4CD9-906C-F86A354553C7}.Release|Any CPU.ActiveCfg = Release|Any CPU
		{D2389067-96F9-4CD9-906C-F86A354553C7}.Release|Any CPU.Build.0 = Release|Any CPU
	EndGlobalSection
	GlobalSection(SolutionProperties) = preSolution
		HideSolutionNode = FALSE
	EndGlobalSection
	GlobalSection(ExtensibilityGlobals) = postSolution
		SolutionGuid = {760FC359-3096-4B77-B342-76BC89EC9E12}
	EndGlobalSection
EndGlobal
